
Microsoft Visual Studio Solution File, Format Version 12.00
# Visual Studio 2013
VisualStudioVersion = 12.0.21005.1
MinimumVisualStudioVersion = 10.0.40219.1
Project("{2150E333-8FDC-42A3-9474-1A3956D46DE8}") = "6 SQL查询相关技术", "6 SQL查询相关技术", "{F7473ED1-EC4F-4E06-970F-94FF4D198B2E}"
	ProjectSection(SolutionItems) = preProject
		6.sql = 6.sql
	EndProjectSection
EndProject
Project("{2150E333-8FDC-42A3-9474-1A3956D46DE8}") = "6.1 SELECT字句", "6.1 SELECT字句", "{4EB77F7E-EFC1-498D-85F2-7BCF46CC1EF4}"
EndProject
Project("{2150E333-8FDC-42A3-9474-1A3956D46DE8}") = "128", "128", "{C6DC6575-09D6-4E18-93BA-7D981D996D79}"
EndProject
Project("{2150E333-8FDC-42A3-9474-1A3956D46DE8}") = "129", "129", "{EA8F3955-1081-479D-B459-35DEFC486EA0}"
EndProject
Project("{2150E333-8FDC-42A3-9474-1A3956D46DE8}") = "130", "130", "{530C2B15-5AF0-40C6-8F92-6DFC5EB1F10F}"
EndProject
Project("{2150E333-8FDC-42A3-9474-1A3956D46DE8}") = "131", "131", "{25E7EF3F-FF2B-4179-8BDE-C925CA5CD34B}"
EndProject
Project("{FAE04EC0-301F-11D3-BF4B-00C04F79EFBC}") = "SelectColumn", "..\MR\06\128\SelectColumn\SelectColumn\SelectColumn.csproj", "{1E32713D-812E-4809-BA3C-D7B5AAC741FC}"
EndProject
Project("{FAE04EC0-301F-11D3-BF4B-00C04F79EFBC}") = "ColumnAlias", "..\MR\06\129\ColumnAlias\ColumnAlias\ColumnAlias.csproj", "{BE2BC657-9343-4E50-9074-8F414DBCDE22}"
EndProject
Project("{FAE04EC0-301F-11D3-BF4B-00C04F79EFBC}") = "ColumnAdd", "..\MR\06\130\ColumnsAdd\ColumnAdd\ColumnAdd\ColumnAdd.csproj", "{7EFE86BC-F1AE-4F84-8B92-DED8BD5B0AE9}"
EndProject
Project("{FAE04EC0-301F-11D3-BF4B-00C04F79EFBC}") = "UseFunc", "..\MR\06\131\UseFunc\UseFunc\UseFunc.csproj", "{0F4AEE61-A0BF-4C69-8348-8D14354BE9AB}"
EndProject
Project("{2150E333-8FDC-42A3-9474-1A3956D46DE8}") = "6.2 查询常量", "6.2 查询常量", "{04D846FC-826B-4FA5-BAF3-C30943238BA6}"
	ProjectSection(SolutionItems) = preProject
		6.2 查询常量.sql = 6.2 查询常量.sql
	EndProjectSection
EndProject
Project("{2150E333-8FDC-42A3-9474-1A3956D46DE8}") = "132", "132", "{F9613671-3D70-4ECD-8A8C-2506DED1BBC9}"
EndProject
Project("{2150E333-8FDC-42A3-9474-1A3956D46DE8}") = "133", "133", "{AFA39D68-59CB-4AE4-834A-A1A9654EE595}"
EndProject
Project("{2150E333-8FDC-42A3-9474-1A3956D46DE8}") = "134", "134", "{DB8A9896-63B9-4FCB-AF19-D7BCC289440F}"
EndProject
Project("{2150E333-8FDC-42A3-9474-1A3956D46DE8}") = "135", "135", "{AB88E7BF-F711-490E-B5BB-A17F108361B9}"
EndProject
Project("{2150E333-8FDC-42A3-9474-1A3956D46DE8}") = "136", "136", "{BD372A7A-6A61-4283-AFAA-42C55418FED3}"
EndProject
Project("{FAE04EC0-301F-11D3-BF4B-00C04F79EFBC}") = "FindDigit", "..\MR\06\132\FindDigit\FindDigit\FindDigit.csproj", "{9E86B2A5-A14E-40B9-9BA6-BD7327C7D8A8}"
EndProject
Project("{FAE04EC0-301F-11D3-BF4B-00C04F79EFBC}") = "FindStr", "..\MR\06\133\FindStr\FindStr\FindStr.csproj", "{17266E12-B542-45AD-B4B4-B10127D40CC2}"
EndProject
Project("{FAE04EC0-301F-11D3-BF4B-00C04F79EFBC}") = "FindDate", "..\MR\06\134\FindDate\FindDate\FindDate.csproj", "{CE61329E-BFBB-4A63-941B-BD4484F04ECF}"
EndProject
Project("{FAE04EC0-301F-11D3-BF4B-00C04F79EFBC}") = "FindLogic", "..\MR\06\135\FindLogic\FindLogic\FindLogic.csproj", "{209B1CF4-A359-4316-9DF0-E09367E27F51}"
EndProject
Project("{FAE04EC0-301F-11D3-BF4B-00C04F79EFBC}") = "FindNull", "..\MR\06\136\FindNull\FindNull\FindNull.csproj", "{13880E2C-720E-4260-BA7D-21AB41247846}"
EndProject
Project("{2150E333-8FDC-42A3-9474-1A3956D46DE8}") = "6.3 查询变量", "6.3 查询变量", "{00813883-D26F-4997-8389-7AAAE943DC2D}"
EndProject
Project("{2150E333-8FDC-42A3-9474-1A3956D46DE8}") = "137", "137", "{CE19561B-DB8D-47A9-846B-DB166C6397C4}"
EndProject
Project("{2150E333-8FDC-42A3-9474-1A3956D46DE8}") = "138", "138", "{398E1CA7-6182-430B-B79C-02F327C934B6}"
EndProject
Project("{2150E333-8FDC-42A3-9474-1A3956D46DE8}") = "139", "139", "{15A753D9-D585-4A88-8064-D746B2B0299F}"
EndProject
Project("{FAE04EC0-301F-11D3-BF4B-00C04F79EFBC}") = "SelectStr", "..\MR\06\137\SelectStr\SelectStr\SelectStr.csproj", "{A39C82A0-9A75-4C5C-B9AB-ABAA4B1C64EB}"
EndProject
Project("{FAE04EC0-301F-11D3-BF4B-00C04F79EFBC}") = "SelectValue", "..\MR\06\138\SelectValue\SelectValue\SelectValue.csproj", "{F7737037-E49E-4306-B6EB-BD4F827C839A}"
EndProject
Project("{FAE04EC0-301F-11D3-BF4B-00C04F79EFBC}") = "SelectDate", "..\MR\06\139\SelectDate\SelectDate\SelectDate.csproj", "{5BC5BE84-FB20-4B6E-B345-ABC336FF1523}"
EndProject
Project("{2150E333-8FDC-42A3-9474-1A3956D46DE8}") = "6.4 模糊查询", "6.4 模糊查询", "{F09E9168-105E-48F1-BE58-D26CB4D3D8C3}"
EndProject
Project("{2150E333-8FDC-42A3-9474-1A3956D46DE8}") = "140", "140", "{4B3FACE0-6FBC-44C9-B296-1C50B624340B}"
EndProject
Project("{2150E333-8FDC-42A3-9474-1A3956D46DE8}") = "141", "141", "{2655E939-CA56-4586-9195-FC66A46ABB29}"
EndProject
Project("{2150E333-8FDC-42A3-9474-1A3956D46DE8}") = "142", "142", "{0F940371-6C69-41DA-ACA5-03BE5DF1729A}"
EndProject
Project("{2150E333-8FDC-42A3-9474-1A3956D46DE8}") = "143", "143", "{881C9091-0808-455E-8244-0E1A029515B7}"
EndProject
Project("{2150E333-8FDC-42A3-9474-1A3956D46DE8}") = "144", "144", "{5C7CF3AB-A483-4CD4-948B-8808AF4EC4A1}"
EndProject
Project("{FAE04EC0-301F-11D3-BF4B-00C04F79EFBC}") = "UseUnderLine", "..\MR\06\140\UseUnderLine\UseUnderLine\UseUnderLine.csproj", "{009D7C50-2231-433A-9D49-EF90583260AB}"
EndProject
Project("{FAE04EC0-301F-11D3-BF4B-00C04F79EFBC}") = "UsePercent", "..\MR\06\141\UsePercent\UsePercent\UsePercent.csproj", "{EF59FBB3-F5EF-426C-B746-2A25C840DB67}"
EndProject
Project("{FAE04EC0-301F-11D3-BF4B-00C04F79EFBC}") = "UseRange", "..\MR\06\142\UseRange\UseRange\UseRange.csproj", "{52F58AC4-ED75-4952-A8D5-0C814D2582CF}"
EndProject
Project("{FAE04EC0-301F-11D3-BF4B-00C04F79EFBC}") = "NotIn", "..\MR\06\143\NotIn\NotIn\NotIn.csproj", "{07E42CD8-18A4-43EB-9F42-2CD254764696}"
EndProject
Project("{FAE04EC0-301F-11D3-BF4B-00C04F79EFBC}") = "SelectComplex", "..\MR\06\144\SelectComplex\SelectComplex\SelectComplex.csproj", "{E060BC11-30DE-4EBD-BFDD-F1BB04DDC048}"
EndProject
Project("{2150E333-8FDC-42A3-9474-1A3956D46DE8}") = "6.5 Top和Percent限制查询结果", "6.5 Top和Percent限制查询结果", "{5F0F559C-5167-4687-A370-ED3428788B0F}"
EndProject
Project("{2150E333-8FDC-42A3-9474-1A3956D46DE8}") = "145", "145", "{44E0053D-74AF-4953-881D-D8A5A4E21CE1}"
EndProject
Project("{2150E333-8FDC-42A3-9474-1A3956D46DE8}") = "146", "146", "{57437359-2394-4856-B18C-C31424832882}"
EndProject
Project("{2150E333-8FDC-42A3-9474-1A3956D46DE8}") = "147", "147", "{BFB71F01-3928-4E27-B3F2-B78D7792E398}"
EndProject
Project("{2150E333-8FDC-42A3-9474-1A3956D46DE8}") = "148", "148", "{E4B25EEC-59D7-47C3-892F-C0877C7624B3}"
EndProject
Project("{2150E333-8FDC-42A3-9474-1A3956D46DE8}") = "149", "149", "{F19EF9D0-9879-4E99-9829-0315AF131B8A}"
EndProject
Project("{FAE04EC0-301F-11D3-BF4B-00C04F79EFBC}") = "FindTop", "..\MR\06\145\FindTop\FindTop\FindTop.csproj", "{C0375704-2C75-4FDD-A180-45C68A379C2A}"
EndProject
Project("{FAE04EC0-301F-11D3-BF4B-00C04F79EFBC}") = "FindLast", "..\MR\06\146\FindLast\FindLast\FindLast.csproj", "{1561879C-217C-4B4D-806C-20EF74DBE332}"
EndProject
Project("{FAE04EC0-301F-11D3-BF4B-00C04F79EFBC}") = "TenToTwenty", "..\MR\06\147\TenToTwenty\TenToTwenty\TenToTwenty.csproj", "{0FC8CA4F-F5C7-4456-856B-D4376B6B3701}"
EndProject
Project("{FAE04EC0-301F-11D3-BF4B-00C04F79EFBC}") = "Percent50", "..\MR\06\148\Percent50\Percent50\Percent50.csproj", "{C3DB2486-50E7-42DF-B0A1-B4C0572020DE}"
EndProject
Project("{FAE04EC0-301F-11D3-BF4B-00C04F79EFBC}") = "Percent20", "..\MR\06\149\Percent20\Percent20\Percent20.csproj", "{061BC9EC-2ADE-47B1-AB63-06B2826CF1E8}"
EndProject
Project("{2150E333-8FDC-42A3-9474-1A3956D46DE8}") = "6.6 数值查询", "6.6 数值查询", "{9BD8C6D7-4611-43C3-9102-386E914661F2}"
EndProject
Project("{2150E333-8FDC-42A3-9474-1A3956D46DE8}") = "150", "150", "{461F8894-F2A9-4F8C-84BE-151ACCA1CFB3}"
EndProject
Project("{2150E333-8FDC-42A3-9474-1A3956D46DE8}") = "151", "151", "{88300AC6-EE7B-420C-A454-ECC6AC306D60}"
EndProject
Project("{2150E333-8FDC-42A3-9474-1A3956D46DE8}") = "152", "152", "{751BC28F-74B0-4185-9360-813BFE806369}"
EndProject
Project("{2150E333-8FDC-42A3-9474-1A3956D46DE8}") = "153", "153", "{D82A7C25-FF48-4FEB-9401-625ED124C90D}"
EndProject
Project("{2150E333-8FDC-42A3-9474-1A3956D46DE8}") = "154", "154", "{CFD75125-7517-468F-A3E5-FD64DEE8E6B8}"
EndProject
Project("{2150E333-8FDC-42A3-9474-1A3956D46DE8}") = "155", "155", "{8E7A5B1A-29F6-4AFF-9146-BFAE709C7836}"
EndProject
Project("{2150E333-8FDC-42A3-9474-1A3956D46DE8}") = "156", "156", "{CD29110B-1BB7-4123-9FFC-981DF494FE81}"
EndProject
Project("{FAE04EC0-301F-11D3-BF4B-00C04F79EFBC}") = "IsValue", "..\MR\06\150\IsValue\IsValue\IsValue.csproj", "{A4E00B57-9FCF-4B72-9006-F3E766B2BF93}"
EndProject
Project("{FAE04EC0-301F-11D3-BF4B-00C04F79EFBC}") = "GetInteger", "..\MR\06\151\GetInteger\GetInteger\GetInteger.csproj", "{07F100DC-AECC-4D19-9826-0C5E4ED6B9F2}"
EndProject
Project("{FAE04EC0-301F-11D3-BF4B-00C04F79EFBC}") = "UseFourFive", "..\MR\06\152\UseFourFive\UseFourFive\UseFourFive.csproj", "{8D196513-8450-4391-96C1-301C6C119931}"
EndProject
Project("{FAE04EC0-301F-11D3-BF4B-00C04F79EFBC}") = "UseAngle", "..\MR\06\153\UseAngle\UseAngle\UseAngle.csproj", "{7A2A5277-5273-4636-B82D-B933A4003837}"
EndProject
Project("{FAE04EC0-301F-11D3-BF4B-00C04F79EFBC}") = "UseABS", "..\MR\06\154\UseABS\UseABS\UseABS.csproj", "{CC1C11D0-35D9-449C-B7E0-4C8C3EEFA4F3}"
EndProject
Project("{FAE04EC0-301F-11D3-BF4B-00C04F79EFBC}") = "UseRandom", "..\MR\06\155\UseRandom\UseRandom\UseRandom.csproj", "{2E677829-28F7-4B93-B5F4-DE631CDBA1A1}"
EndProject
Project("{FAE04EC0-301F-11D3-BF4B-00C04F79EFBC}") = "UseSign", "..\MR\06\156\UseSign\UseSign\UseSign.csproj", "{7A1DBB9A-FD07-4AC7-839C-02D73710332D}"
EndProject
Project("{2150E333-8FDC-42A3-9474-1A3956D46DE8}") = "6.7 字符串查询", "6.7 字符串查询", "{AA5B545E-C1A5-4BFC-A55B-05328582F9D9}"
EndProject
Project("{2150E333-8FDC-42A3-9474-1A3956D46DE8}") = "157", "157", "{74ED7E5A-5DB1-409A-8C60-B2F164F6EE95}"
EndProject
Project("{2150E333-8FDC-42A3-9474-1A3956D46DE8}") = "158", "158", "{262BB8D9-2A66-4D19-991D-FD05D0912ADA}"
EndProject
Project("{2150E333-8FDC-42A3-9474-1A3956D46DE8}") = "159", "159", "{5B475A58-76EC-4A56-B563-B1DA3F5E9BC9}"
EndProject
Project("{2150E333-8FDC-42A3-9474-1A3956D46DE8}") = "160", "160", "{85B028CB-88AB-4A4E-AFA6-7A9C3B94ED99}"
EndProject
Project("{2150E333-8FDC-42A3-9474-1A3956D46DE8}") = "161", "161", "{05C69A30-B6AB-49D6-B63A-87B2A7A7E436}"
EndProject
Project("{2150E333-8FDC-42A3-9474-1A3956D46DE8}") = "162", "162", "{4CE6CC94-4FE3-422E-A5B6-4FFAB57609AD}"
EndProject
Project("{FAE04EC0-301F-11D3-BF4B-00C04F79EFBC}") = "UseUpperAndLower", "..\MR\06\157\UseUpperAndLower\UseUpperAndLower\UseUpperAndLower.csproj", "{46E76909-148E-4856-9067-B6BBFC2EAFE3}"
EndProject
Project("{FAE04EC0-301F-11D3-BF4B-00C04F79EFBC}") = "UseLen", "..\MR\06\158\UseLen\UseLen\UseLen.csproj", "{90324117-E7FA-4A96-92B5-CDA1B998F85A}"
EndProject
Project("{FAE04EC0-301F-11D3-BF4B-00C04F79EFBC}") = "UseSubstring", "..\MR\06\159\UseSubstring\UseSubstring\UseSubstring.csproj", "{8C43C81D-ACB0-4D2B-B0CD-D22F4C9C0526}"
EndProject
Project("{FAE04EC0-301F-11D3-BF4B-00C04F79EFBC}") = "DeleteSubstring", "..\MR\06\160\DeleteSubstring\DeleteSubstring\DeleteSubstring.csproj", "{721BB8EF-A832-41FF-813B-4C3CCD76688D}"
EndProject
Project("{FAE04EC0-301F-11D3-BF4B-00C04F79EFBC}") = "FindAndReplace", "..\MR\06\161\FindAndReplace\FindAndReplace\FindAndReplace.csproj", "{9BA436BD-55A3-420C-8E0F-36CACE16FF97}"
EndProject
Project("{FAE04EC0-301F-11D3-BF4B-00C04F79EFBC}") = "EqualStr", "..\MR\06\162\EqualStr\EqualStr\EqualStr.csproj", "{1627E150-5F74-438E-8D6D-0057C5948BBD}"
EndProject
Global
	GlobalSection(SolutionConfigurationPlatforms) = preSolution
		Debug|Any CPU = Debug|Any CPU
		Release|Any CPU = Release|Any CPU
	EndGlobalSection
	GlobalSection(ProjectConfigurationPlatforms) = postSolution
		{1E32713D-812E-4809-BA3C-D7B5AAC741FC}.Debug|Any CPU.ActiveCfg = Debug|Any CPU
		{1E32713D-812E-4809-BA3C-D7B5AAC741FC}.Debug|Any CPU.Build.0 = Debug|Any CPU
		{1E32713D-812E-4809-BA3C-D7B5AAC741FC}.Release|Any CPU.ActiveCfg = Release|Any CPU
		{1E32713D-812E-4809-BA3C-D7B5AAC741FC}.Release|Any CPU.Build.0 = Release|Any CPU
		{BE2BC657-9343-4E50-9074-8F414DBCDE22}.Debug|Any CPU.ActiveCfg = Debug|Any CPU
		{BE2BC657-9343-4E50-9074-8F414DBCDE22}.Debug|Any CPU.Build.0 = Debug|Any CPU
		{BE2BC657-9343-4E50-9074-8F414DBCDE22}.Release|Any CPU.ActiveCfg = Release|Any CPU
		{BE2BC657-9343-4E50-9074-8F414DBCDE22}.Release|Any CPU.Build.0 = Release|Any CPU
		{7EFE86BC-F1AE-4F84-8B92-DED8BD5B0AE9}.Debug|Any CPU.ActiveCfg = Debug|Any CPU
		{7EFE86BC-F1AE-4F84-8B92-DED8BD5B0AE9}.Debug|Any CPU.Build.0 = Debug|Any CPU
		{7EFE86BC-F1AE-4F84-8B92-DED8BD5B0AE9}.Release|Any CPU.ActiveCfg = Release|Any CPU
		{7EFE86BC-F1AE-4F84-8B92-DED8BD5B0AE9}.Release|Any CPU.Build.0 = Release|Any CPU
		{0F4AEE61-A0BF-4C69-8348-8D14354BE9AB}.Debug|Any CPU.ActiveCfg = Debug|Any CPU
		{0F4AEE61-A0BF-4C69-8348-8D14354BE9AB}.Debug|Any CPU.Build.0 = Debug|Any CPU
		{0F4AEE61-A0BF-4C69-8348-8D14354BE9AB}.Release|Any CPU.ActiveCfg = Release|Any CPU
		{0F4AEE61-A0BF-4C69-8348-8D14354BE9AB}.Release|Any CPU.Build.0 = Release|Any CPU
		{9E86B2A5-A14E-40B9-9BA6-BD7327C7D8A8}.Debug|Any CPU.ActiveCfg = Debug|Any CPU
		{9E86B2A5-A14E-40B9-9BA6-BD7327C7D8A8}.Debug|Any CPU.Build.0 = Debug|Any CPU
		{9E86B2A5-A14E-40B9-9BA6-BD7327C7D8A8}.Release|Any CPU.ActiveCfg = Release|Any CPU
		{9E86B2A5-A14E-40B9-9BA6-BD7327C7D8A8}.Release|Any CPU.Build.0 = Release|Any CPU
		{17266E12-B542-45AD-B4B4-B10127D40CC2}.Debug|Any CPU.ActiveCfg = Debug|Any CPU
		{17266E12-B542-45AD-B4B4-B10127D40CC2}.Debug|Any CPU.Build.0 = Debug|Any CPU
		{17266E12-B542-45AD-B4B4-B10127D40CC2}.Release|Any CPU.ActiveCfg = Release|Any CPU
		{17266E12-B542-45AD-B4B4-B10127D40CC2}.Release|Any CPU.Build.0 = Release|Any CPU
		{CE61329E-BFBB-4A63-941B-BD4484F04ECF}.Debug|Any CPU.ActiveCfg = Debug|Any CPU
		{CE61329E-BFBB-4A63-941B-BD4484F04ECF}.Debug|Any CPU.Build.0 = Debug|Any CPU
		{CE61329E-BFBB-4A63-941B-BD4484F04ECF}.Release|Any CPU.ActiveCfg = Release|Any CPU
		{CE61329E-BFBB-4A63-941B-BD4484F04ECF}.Release|Any CPU.Build.0 = Release|Any CPU
		{209B1CF4-A359-4316-9DF0-E09367E27F51}.Debug|Any CPU.ActiveCfg = Debug|Any CPU
		{209B1CF4-A359-4316-9DF0-E09367E27F51}.Debug|Any CPU.Build.0 = Debug|Any CPU
		{209B1CF4-A359-4316-9DF0-E09367E27F51}.Release|Any CPU.ActiveCfg = Release|Any CPU
		{209B1CF4-A359-4316-9DF0-E09367E27F51}.Release|Any CPU.Build.0 = Release|Any CPU
		{13880E2C-720E-4260-BA7D-21AB41247846}.Debug|Any CPU.ActiveCfg = Debug|Any CPU
		{13880E2C-720E-4260-BA7D-21AB41247846}.Debug|Any CPU.Build.0 = Debug|Any CPU
		{13880E2C-720E-4260-BA7D-21AB41247846}.Release|Any CPU.ActiveCfg = Release|Any CPU
		{13880E2C-720E-4260-BA7D-21AB41247846}.Release|Any CPU.Build.0 = Release|Any CPU
		{A39C82A0-9A75-4C5C-B9AB-ABAA4B1C64EB}.Debug|Any CPU.ActiveCfg = Debug|Any CPU
		{A39C82A0-9A75-4C5C-B9AB-ABAA4B1C64EB}.Debug|Any CPU.Build.0 = Debug|Any CPU
		{A39C82A0-9A75-4C5C-B9AB-ABAA4B1C64EB}.Release|Any CPU.ActiveCfg = Release|Any CPU
		{A39C82A0-9A75-4C5C-B9AB-ABAA4B1C64EB}.Release|Any CPU.Build.0 = Release|Any CPU
		{F7737037-E49E-4306-B6EB-BD4F827C839A}.Debug|Any CPU.ActiveCfg = Debug|Any CPU
		{F7737037-E49E-4306-B6EB-BD4F827C839A}.Debug|Any CPU.Build.0 = Debug|Any CPU
		{F7737037-E49E-4306-B6EB-BD4F827C839A}.Release|Any CPU.ActiveCfg = Release|Any CPU
		{F7737037-E49E-4306-B6EB-BD4F827C839A}.Release|Any CPU.Build.0 = Release|Any CPU
		{5BC5BE84-FB20-4B6E-B345-ABC336FF1523}.Debug|Any CPU.ActiveCfg = Debug|Any CPU
		{5BC5BE84-FB20-4B6E-B345-ABC336FF1523}.Debug|Any CPU.Build.0 = Debug|Any CPU
		{5BC5BE84-FB20-4B6E-B345-ABC336FF1523}.Release|Any CPU.ActiveCfg = Release|Any CPU
		{5BC5BE84-FB20-4B6E-B345-ABC336FF1523}.Release|Any CPU.Build.0 = Release|Any CPU
		{009D7C50-2231-433A-9D49-EF90583260AB}.Debug|Any CPU.ActiveCfg = Debug|Any CPU
		{009D7C50-2231-433A-9D49-EF90583260AB}.Debug|Any CPU.Build.0 = Debug|Any CPU
		{009D7C50-2231-433A-9D49-EF90583260AB}.Release|Any CPU.ActiveCfg = Release|Any CPU
		{009D7C50-2231-433A-9D49-EF90583260AB}.Release|Any CPU.Build.0 = Release|Any CPU
		{EF59FBB3-F5EF-426C-B746-2A25C840DB67}.Debug|Any CPU.ActiveCfg = Debug|Any CPU
		{EF59FBB3-F5EF-426C-B746-2A25C840DB67}.Debug|Any CPU.Build.0 = Debug|Any CPU
		{EF59FBB3-F5EF-426C-B746-2A25C840DB67}.Release|Any CPU.ActiveCfg = Release|Any CPU
		{EF59FBB3-F5EF-426C-B746-2A25C840DB67}.Release|Any CPU.Build.0 = Release|Any CPU
		{52F58AC4-ED75-4952-A8D5-0C814D2582CF}.Debug|Any CPU.ActiveCfg = Debug|Any CPU
		{52F58AC4-ED75-4952-A8D5-0C814D2582CF}.Debug|Any CPU.Build.0 = Debug|Any CPU
		{52F58AC4-ED75-4952-A8D5-0C814D2582CF}.Release|Any CPU.ActiveCfg = Release|Any CPU
		{52F58AC4-ED75-4952-A8D5-0C814D2582CF}.Release|Any CPU.Build.0 = Release|Any CPU
		{07E42CD8-18A4-43EB-9F42-2CD254764696}.Debug|Any CPU.ActiveCfg = Debug|Any CPU
		{07E42CD8-18A4-43EB-9F42-2CD254764696}.Debug|Any CPU.Build.0 = Debug|Any CPU
		{07E42CD8-18A4-43EB-9F42-2CD254764696}.Release|Any CPU.ActiveCfg = Release|Any CPU
		{07E42CD8-18A4-43EB-9F42-2CD254764696}.Release|Any CPU.Build.0 = Release|Any CPU
		{E060BC11-30DE-4EBD-BFDD-F1BB04DDC048}.Debug|Any CPU.ActiveCfg = Debug|Any CPU
		{E060BC11-30DE-4EBD-BFDD-F1BB04DDC048}.Debug|Any CPU.Build.0 = Debug|Any CPU
		{E060BC11-30DE-4EBD-BFDD-F1BB04DDC048}.Release|Any CPU.ActiveCfg = Release|Any CPU
		{E060BC11-30DE-4EBD-BFDD-F1BB04DDC048}.Release|Any CPU.Build.0 = Release|Any CPU
		{C0375704-2C75-4FDD-A180-45C68A379C2A}.Debug|Any CPU.ActiveCfg = Debug|Any CPU
		{C0375704-2C75-4FDD-A180-45C68A379C2A}.Debug|Any CPU.Build.0 = Debug|Any CPU
		{C0375704-2C75-4FDD-A180-45C68A379C2A}.Release|Any CPU.ActiveCfg = Release|Any CPU
		{C0375704-2C75-4FDD-A180-45C68A379C2A}.Release|Any CPU.Build.0 = Release|Any CPU
		{1561879C-217C-4B4D-806C-20EF74DBE332}.Debug|Any CPU.ActiveCfg = Debug|Any CPU
		{1561879C-217C-4B4D-806C-20EF74DBE332}.Debug|Any CPU.Build.0 = Debug|Any CPU
		{1561879C-217C-4B4D-806C-20EF74DBE332}.Release|Any CPU.ActiveCfg = Release|Any CPU
		{1561879C-217C-4B4D-806C-20EF74DBE332}.Release|Any CPU.Build.0 = Release|Any CPU
		{0FC8CA4F-F5C7-4456-856B-D4376B6B3701}.Debug|Any CPU.ActiveCfg = Debug|Any CPU
		{0FC8CA4F-F5C7-4456-856B-D4376B6B3701}.Debug|Any CPU.Build.0 = Debug|Any CPU
		{0FC8CA4F-F5C7-4456-856B-D4376B6B3701}.Release|Any CPU.ActiveCfg = Release|Any CPU
		{0FC8CA4F-F5C7-4456-856B-D4376B6B3701}.Release|Any CPU.Build.0 = Release|Any CPU
		{C3DB2486-50E7-42DF-B0A1-B4C0572020DE}.Debug|Any CPU.ActiveCfg = Debug|Any CPU
		{C3DB2486-50E7-42DF-B0A1-B4C0572020DE}.Debug|Any CPU.Build.0 = Debug|Any CPU
		{C3DB2486-50E7-42DF-B0A1-B4C0572020DE}.Release|Any CPU.ActiveCfg = Release|Any CPU
		{C3DB2486-50E7-42DF-B0A1-B4C0572020DE}.Release|Any CPU.Build.0 = Release|Any CPU
		{061BC9EC-2ADE-47B1-AB63-06B2826CF1E8}.Debug|Any CPU.ActiveCfg = Debug|Any CPU
		{061BC9EC-2ADE-47B1-AB63-06B2826CF1E8}.Debug|Any CPU.Build.0 = Debug|Any CPU
		{061BC9EC-2ADE-47B1-AB63-06B2826CF1E8}.Release|Any CPU.ActiveCfg = Release|Any CPU
		{061BC9EC-2ADE-47B1-AB63-06B2826CF1E8}.Release|Any CPU.Build.0 = Release|Any CPU
		{A4E00B57-9FCF-4B72-9006-F3E766B2BF93}.Debug|Any CPU.ActiveCfg = Debug|Any CPU
		{A4E00B57-9FCF-4B72-9006-F3E766B2BF93}.Debug|Any CPU.Build.0 = Debug|Any CPU
		{A4E00B57-9FCF-4B72-9006-F3E766B2BF93}.Release|Any CPU.ActiveCfg = Release|Any CPU
		{A4E00B57-9FCF-4B72-9006-F3E766B2BF93}.Release|Any CPU.Build.0 = Release|Any CPU
		{07F100DC-AECC-4D19-9826-0C5E4ED6B9F2}.Debug|Any CPU.ActiveCfg = Debug|Any CPU
		{07F100DC-AECC-4D19-9826-0C5E4ED6B9F2}.Debug|Any CPU.Build.0 = Debug|Any CPU
		{07F100DC-AECC-4D19-9826-0C5E4ED6B9F2}.Release|Any CPU.ActiveCfg = Release|Any CPU
		{07F100DC-AECC-4D19-9826-0C5E4ED6B9F2}.Release|Any CPU.Build.0 = Release|Any CPU
		{8D196513-8450-4391-96C1-301C6C119931}.Debug|Any CPU.ActiveCfg = Debug|Any CPU
		{8D196513-8450-4391-96C1-301C6C119931}.Debug|Any CPU.Build.0 = Debug|Any CPU
		{8D196513-8450-4391-96C1-301C6C119931}.Release|Any CPU.ActiveCfg = Release|Any CPU
		{8D196513-8450-4391-96C1-301C6C119931}.Release|Any CPU.Build.0 = Release|Any CPU
		{7A2A5277-5273-4636-B82D-B933A4003837}.Debug|Any CPU.ActiveCfg = Debug|Any CPU
		{7A2A5277-5273-4636-B82D-B933A4003837}.Debug|Any CPU.Build.0 = Debug|Any CPU
		{7A2A5277-5273-4636-B82D-B933A4003837}.Release|Any CPU.ActiveCfg = Release|Any CPU
		{7A2A5277-5273-4636-B82D-B933A4003837}.Release|Any CPU.Build.0 = Release|Any CPU
		{CC1C11D0-35D9-449C-B7E0-4C8C3EEFA4F3}.Debug|Any CPU.ActiveCfg = Debug|Any CPU
		{CC1C11D0-35D9-449C-B7E0-4C8C3EEFA4F3}.Debug|Any CPU.Build.0 = Debug|Any CPU
		{CC1C11D0-35D9-449C-B7E0-4C8C3EEFA4F3}.Release|Any CPU.ActiveCfg = Release|Any CPU
		{CC1C11D0-35D9-449C-B7E0-4C8C3EEFA4F3}.Release|Any CPU.Build.0 = Release|Any CPU
		{2E677829-28F7-4B93-B5F4-DE631CDBA1A1}.Debug|Any CPU.ActiveCfg = Debug|Any CPU
		{2E677829-28F7-4B93-B5F4-DE631CDBA1A1}.Debug|Any CPU.Build.0 = Debug|Any CPU
		{2E677829-28F7-4B93-B5F4-DE631CDBA1A1}.Release|Any CPU.ActiveCfg = Release|Any CPU
		{2E677829-28F7-4B93-B5F4-DE631CDBA1A1}.Release|Any CPU.Build.0 = Release|Any CPU
		{7A1DBB9A-FD07-4AC7-839C-02D73710332D}.Debug|Any CPU.ActiveCfg = Debug|Any CPU
		{7A1DBB9A-FD07-4AC7-839C-02D73710332D}.Debug|Any CPU.Build.0 = Debug|Any CPU
		{7A1DBB9A-FD07-4AC7-839C-02D73710332D}.Release|Any CPU.ActiveCfg = Release|Any CPU
		{7A1DBB9A-FD07-4AC7-839C-02D73710332D}.Release|Any CPU.Build.0 = Release|Any CPU
		{46E76909-148E-4856-9067-B6BBFC2EAFE3}.Debug|Any CPU.ActiveCfg = Debug|Any CPU
		{46E76909-148E-4856-9067-B6BBFC2EAFE3}.Debug|Any CPU.Build.0 = Debug|Any CPU
		{46E76909-148E-4856-9067-B6BBFC2EAFE3}.Release|Any CPU.ActiveCfg = Release|Any CPU
		{46E76909-148E-4856-9067-B6BBFC2EAFE3}.Release|Any CPU.Build.0 = Release|Any CPU
		{90324117-E7FA-4A96-92B5-CDA1B998F85A}.Debug|Any CPU.ActiveCfg = Debug|Any CPU
		{90324117-E7FA-4A96-92B5-CDA1B998F85A}.Debug|Any CPU.Build.0 = Debug|Any CPU
		{90324117-E7FA-4A96-92B5-CDA1B998F85A}.Release|Any CPU.ActiveCfg = Release|Any CPU
		{90324117-E7FA-4A96-92B5-CDA1B998F85A}.Release|Any CPU.Build.0 = Release|Any CPU
		{8C43C81D-ACB0-4D2B-B0CD-D22F4C9C0526}.Debug|Any CPU.ActiveCfg = Debug|Any CPU
		{8C43C81D-ACB0-4D2B-B0CD-D22F4C9C0526}.Debug|Any CPU.Build.0 = Debug|Any CPU
		{8C43C81D-ACB0-4D2B-B0CD-D22F4C9C0526}.Release|Any CPU.ActiveCfg = Release|Any CPU
		{8C43C81D-ACB0-4D2B-B0CD-D22F4C9C0526}.Release|Any CPU.Build.0 = Release|Any CPU
		{721BB8EF-A832-41FF-813B-4C3CCD76688D}.Debug|Any CPU.ActiveCfg = Debug|Any CPU
		{721BB8EF-A832-41FF-813B-4C3CCD76688D}.Debug|Any CPU.Build.0 = Debug|Any CPU
		{721BB8EF-A832-41FF-813B-4C3CCD76688D}.Release|Any CPU.ActiveCfg = Release|Any CPU
		{721BB8EF-A832-41FF-813B-4C3CCD76688D}.Release|Any CPU.Build.0 = Release|Any CPU
		{9BA436BD-55A3-420C-8E0F-36CACE16FF97}.Debug|Any CPU.ActiveCfg = Debug|Any CPU
		{9BA436BD-55A3-420C-8E0F-36CACE16FF97}.Debug|Any CPU.Build.0 = Debug|Any CPU
		{9BA436BD-55A3-420C-8E0F-36CACE16FF97}.Release|Any CPU.ActiveCfg = Release|Any CPU
		{9BA436BD-55A3-420C-8E0F-36CACE16FF97}.Release|Any CPU.Build.0 = Release|Any CPU
		{1627E150-5F74-438E-8D6D-0057C5948BBD}.Debug|Any CPU.ActiveCfg = Debug|Any CPU
		{1627E150-5F74-438E-8D6D-0057C5948BBD}.Debug|Any CPU.Build.0 = Debug|Any CPU
		{1627E150-5F74-438E-8D6D-0057C5948BBD}.Release|Any CPU.ActiveCfg = Release|Any CPU
		{1627E150-5F74-438E-8D6D-0057C5948BBD}.Release|Any CPU.Build.0 = Release|Any CPU
	EndGlobalSection
	GlobalSection(SolutionProperties) = preSolution
		HideSolutionNode = FALSE
	EndGlobalSection
	GlobalSection(NestedProjects) = preSolution
		{4EB77F7E-EFC1-498D-85F2-7BCF46CC1EF4} = {F7473ED1-EC4F-4E06-970F-94FF4D198B2E}
		{04D846FC-826B-4FA5-BAF3-C30943238BA6} = {F7473ED1-EC4F-4E06-970F-94FF4D198B2E}
		{00813883-D26F-4997-8389-7AAAE943DC2D} = {F7473ED1-EC4F-4E06-970F-94FF4D198B2E}
		{F09E9168-105E-48F1-BE58-D26CB4D3D8C3} = {F7473ED1-EC4F-4E06-970F-94FF4D198B2E}
		{5F0F559C-5167-4687-A370-ED3428788B0F} = {F7473ED1-EC4F-4E06-970F-94FF4D198B2E}
		{9BD8C6D7-4611-43C3-9102-386E914661F2} = {F7473ED1-EC4F-4E06-970F-94FF4D198B2E}
		{AA5B545E-C1A5-4BFC-A55B-05328582F9D9} = {F7473ED1-EC4F-4E06-970F-94FF4D198B2E}
		{C6DC6575-09D6-4E18-93BA-7D981D996D79} = {4EB77F7E-EFC1-498D-85F2-7BCF46CC1EF4}
		{EA8F3955-1081-479D-B459-35DEFC486EA0} = {4EB77F7E-EFC1-498D-85F2-7BCF46CC1EF4}
		{530C2B15-5AF0-40C6-8F92-6DFC5EB1F10F} = {4EB77F7E-EFC1-498D-85F2-7BCF46CC1EF4}
		{25E7EF3F-FF2B-4179-8BDE-C925CA5CD34B} = {4EB77F7E-EFC1-498D-85F2-7BCF46CC1EF4}
		{1E32713D-812E-4809-BA3C-D7B5AAC741FC} = {C6DC6575-09D6-4E18-93BA-7D981D996D79}
		{BE2BC657-9343-4E50-9074-8F414DBCDE22} = {EA8F3955-1081-479D-B459-35DEFC486EA0}
		{7EFE86BC-F1AE-4F84-8B92-DED8BD5B0AE9} = {530C2B15-5AF0-40C6-8F92-6DFC5EB1F10F}
		{0F4AEE61-A0BF-4C69-8348-8D14354BE9AB} = {25E7EF3F-FF2B-4179-8BDE-C925CA5CD34B}
		{F9613671-3D70-4ECD-8A8C-2506DED1BBC9} = {04D846FC-826B-4FA5-BAF3-C30943238BA6}
		{AFA39D68-59CB-4AE4-834A-A1A9654EE595} = {04D846FC-826B-4FA5-BAF3-C30943238BA6}
		{DB8A9896-63B9-4FCB-AF19-D7BCC289440F} = {04D846FC-826B-4FA5-BAF3-C30943238BA6}
		{AB88E7BF-F711-490E-B5BB-A17F108361B9} = {04D846FC-826B-4FA5-BAF3-C30943238BA6}
		{BD372A7A-6A61-4283-AFAA-42C55418FED3} = {04D846FC-826B-4FA5-BAF3-C30943238BA6}
		{9E86B2A5-A14E-40B9-9BA6-BD7327C7D8A8} = {F9613671-3D70-4ECD-8A8C-2506DED1BBC9}
		{17266E12-B542-45AD-B4B4-B10127D40CC2} = {AFA39D68-59CB-4AE4-834A-A1A9654EE595}
		{CE61329E-BFBB-4A63-941B-BD4484F04ECF} = {DB8A9896-63B9-4FCB-AF19-D7BCC289440F}
		{209B1CF4-A359-4316-9DF0-E09367E27F51} = {AB88E7BF-F711-490E-B5BB-A17F108361B9}
		{13880E2C-720E-4260-BA7D-21AB41247846} = {BD372A7A-6A61-4283-AFAA-42C55418FED3}
		{CE19561B-DB8D-47A9-846B-DB166C6397C4} = {00813883-D26F-4997-8389-7AAAE943DC2D}
		{398E1CA7-6182-430B-B79C-02F327C934B6} = {00813883-D26F-4997-8389-7AAAE943DC2D}
		{15A753D9-D585-4A88-8064-D746B2B0299F} = {00813883-D26F-4997-8389-7AAAE943DC2D}
		{A39C82A0-9A75-4C5C-B9AB-ABAA4B1C64EB} = {CE19561B-DB8D-47A9-846B-DB166C6397C4}
		{F7737037-E49E-4306-B6EB-BD4F827C839A} = {398E1CA7-6182-430B-B79C-02F327C934B6}
		{5BC5BE84-FB20-4B6E-B345-ABC336FF1523} = {15A753D9-D585-4A88-8064-D746B2B0299F}
		{4B3FACE0-6FBC-44C9-B296-1C50B624340B} = {F09E9168-105E-48F1-BE58-D26CB4D3D8C3}
		{2655E939-CA56-4586-9195-FC66A46ABB29} = {F09E9168-105E-48F1-BE58-D26CB4D3D8C3}
		{0F940371-6C69-41DA-ACA5-03BE5DF1729A} = {F09E9168-105E-48F1-BE58-D26CB4D3D8C3}
		{881C9091-0808-455E-8244-0E1A029515B7} = {F09E9168-105E-48F1-BE58-D26CB4D3D8C3}
		{5C7CF3AB-A483-4CD4-948B-8808AF4EC4A1} = {F09E9168-105E-48F1-BE58-D26CB4D3D8C3}
		{009D7C50-2231-433A-9D49-EF90583260AB} = {4B3FACE0-6FBC-44C9-B296-1C50B624340B}
		{EF59FBB3-F5EF-426C-B746-2A25C840DB67} = {2655E939-CA56-4586-9195-FC66A46ABB29}
		{52F58AC4-ED75-4952-A8D5-0C814D2582CF} = {0F940371-6C69-41DA-ACA5-03BE5DF1729A}
		{07E42CD8-18A4-43EB-9F42-2CD254764696} = {881C9091-0808-455E-8244-0E1A029515B7}
		{E060BC11-30DE-4EBD-BFDD-F1BB04DDC048} = {5C7CF3AB-A483-4CD4-948B-8808AF4EC4A1}
		{44E0053D-74AF-4953-881D-D8A5A4E21CE1} = {5F0F559C-5167-4687-A370-ED3428788B0F}
		{57437359-2394-4856-B18C-C31424832882} = {5F0F559C-5167-4687-A370-ED3428788B0F}
		{BFB71F01-3928-4E27-B3F2-B78D7792E398} = {5F0F559C-5167-4687-A370-ED3428788B0F}
		{E4B25EEC-59D7-47C3-892F-C0877C7624B3} = {5F0F559C-5167-4687-A370-ED3428788B0F}
		{F19EF9D0-9879-4E99-9829-0315AF131B8A} = {5F0F559C-5167-4687-A370-ED3428788B0F}
		{C0375704-2C75-4FDD-A180-45C68A379C2A} = {44E0053D-74AF-4953-881D-D8A5A4E21CE1}
		{1561879C-217C-4B4D-806C-20EF74DBE332} = {57437359-2394-4856-B18C-C31424832882}
		{0FC8CA4F-F5C7-4456-856B-D4376B6B3701} = {BFB71F01-3928-4E27-B3F2-B78D7792E398}
		{C3DB2486-50E7-42DF-B0A1-B4C0572020DE} = {E4B25EEC-59D7-47C3-892F-C0877C7624B3}
		{061BC9EC-2ADE-47B1-AB63-06B2826CF1E8} = {F19EF9D0-9879-4E99-9829-0315AF131B8A}
		{461F8894-F2A9-4F8C-84BE-151ACCA1CFB3} = {9BD8C6D7-4611-43C3-9102-386E914661F2}
		{88300AC6-EE7B-420C-A454-ECC6AC306D60} = {9BD8C6D7-4611-43C3-9102-386E914661F2}
		{751BC28F-74B0-4185-9360-813BFE806369} = {9BD8C6D7-4611-43C3-9102-386E914661F2}
		{D82A7C25-FF48-4FEB-9401-625ED124C90D} = {9BD8C6D7-4611-43C3-9102-386E914661F2}
		{CFD75125-7517-468F-A3E5-FD64DEE8E6B8} = {9BD8C6D7-4611-43C3-9102-386E914661F2}
		{8E7A5B1A-29F6-4AFF-9146-BFAE709C7836} = {9BD8C6D7-4611-43C3-9102-386E914661F2}
		{CD29110B-1BB7-4123-9FFC-981DF494FE81} = {9BD8C6D7-4611-43C3-9102-386E914661F2}
		{A4E00B57-9FCF-4B72-9006-F3E766B2BF93} = {461F8894-F2A9-4F8C-84BE-151ACCA1CFB3}
		{07F100DC-AECC-4D19-9826-0C5E4ED6B9F2} = {88300AC6-EE7B-420C-A454-ECC6AC306D60}
		{8D196513-8450-4391-96C1-301C6C119931} = {751BC28F-74B0-4185-9360-813BFE806369}
		{7A2A5277-5273-4636-B82D-B933A4003837} = {D82A7C25-FF48-4FEB-9401-625ED124C90D}
		{CC1C11D0-35D9-449C-B7E0-4C8C3EEFA4F3} = {CFD75125-7517-468F-A3E5-FD64DEE8E6B8}
		{2E677829-28F7-4B93-B5F4-DE631CDBA1A1} = {8E7A5B1A-29F6-4AFF-9146-BFAE709C7836}
		{7A1DBB9A-FD07-4AC7-839C-02D73710332D} = {CD29110B-1BB7-4123-9FFC-981DF494FE81}
		{74ED7E5A-5DB1-409A-8C60-B2F164F6EE95} = {AA5B545E-C1A5-4BFC-A55B-05328582F9D9}
		{262BB8D9-2A66-4D19-991D-FD05D0912ADA} = {AA5B545E-C1A5-4BFC-A55B-05328582F9D9}
		{5B475A58-76EC-4A56-B563-B1DA3F5E9BC9} = {AA5B545E-C1A5-4BFC-A55B-05328582F9D9}
		{85B028CB-88AB-4A4E-AFA6-7A9C3B94ED99} = {AA5B545E-C1A5-4BFC-A55B-05328582F9D9}
		{05C69A30-B6AB-49D6-B63A-87B2A7A7E436} = {AA5B545E-C1A5-4BFC-A55B-05328582F9D9}
		{4CE6CC94-4FE3-422E-A5B6-4FFAB57609AD} = {AA5B545E-C1A5-4BFC-A55B-05328582F9D9}
		{46E76909-148E-4856-9067-B6BBFC2EAFE3} = {74ED7E5A-5DB1-409A-8C60-B2F164F6EE95}
		{90324117-E7FA-4A96-92B5-CDA1B998F85A} = {262BB8D9-2A66-4D19-991D-FD05D0912ADA}
		{8C43C81D-ACB0-4D2B-B0CD-D22F4C9C0526} = {5B475A58-76EC-4A56-B563-B1DA3F5E9BC9}
		{721BB8EF-A832-41FF-813B-4C3CCD76688D} = {85B028CB-88AB-4A4E-AFA6-7A9C3B94ED99}
		{9BA436BD-55A3-420C-8E0F-36CACE16FF97} = {05C69A30-B6AB-49D6-B63A-87B2A7A7E436}
		{1627E150-5F74-438E-8D6D-0057C5948BBD} = {4CE6CC94-4FE3-422E-A5B6-4FFAB57609AD}
	EndGlobalSection
EndGlobal
