
Microsoft Visual Studio Solution File, Format Version 12.00
# Visual Studio 2013
VisualStudioVersion = 12.0.21005.1
MinimumVisualStudioVersion = 10.0.40219.1
Project("{2150E333-8FDC-42A3-9474-1A3956D46DE8}") = "6", "6", "{F7473ED1-EC4F-4E06-970F-94FF4D198B2E}"
EndProject
Project("{2150E333-8FDC-42A3-9474-1A3956D46DE8}") = "6.1 SELECT字句", "6.1 SELECT字句", "{4EB77F7E-EFC1-498D-85F2-7BCF46CC1EF4}"
	ProjectSection(SolutionItems) = preProject
		6.1 SELECT字句.sql = 6.1 SELECT字句.sql
	EndProjectSection
EndProject
Project("{2150E333-8FDC-42A3-9474-1A3956D46DE8}") = "128", "128", "{C6DC6575-09D6-4E18-93BA-7D981D996D79}"
EndProject
Project("{2150E333-8FDC-42A3-9474-1A3956D46DE8}") = "129", "129", "{EA8F3955-1081-479D-B459-35DEFC486EA0}"
EndProject
Project("{2150E333-8FDC-42A3-9474-1A3956D46DE8}") = "130", "130", "{530C2B15-5AF0-40C6-8F92-6DFC5EB1F10F}"
EndProject
Project("{2150E333-8FDC-42A3-9474-1A3956D46DE8}") = "131", "131", "{25E7EF3F-FF2B-4179-8BDE-C925CA5CD34B}"
EndProject
Project("{FAE04EC0-301F-11D3-BF4B-00C04F79EFBC}") = "SelectColumn", "..\MR\06\128\SelectColumn\SelectColumn\SelectColumn.csproj", "{1E32713D-812E-4809-BA3C-D7B5AAC741FC}"
EndProject
Project("{FAE04EC0-301F-11D3-BF4B-00C04F79EFBC}") = "ColumnAlias", "..\MR\06\129\ColumnAlias\ColumnAlias\ColumnAlias.csproj", "{BE2BC657-9343-4E50-9074-8F414DBCDE22}"
EndProject
Project("{FAE04EC0-301F-11D3-BF4B-00C04F79EFBC}") = "ColumnAdd", "..\MR\06\130\ColumnsAdd\ColumnAdd\ColumnAdd\ColumnAdd.csproj", "{7EFE86BC-F1AE-4F84-8B92-DED8BD5B0AE9}"
EndProject
Project("{FAE04EC0-301F-11D3-BF4B-00C04F79EFBC}") = "UseFunc", "..\MR\06\131\UseFunc\UseFunc\UseFunc.csproj", "{0F4AEE61-A0BF-4C69-8348-8D14354BE9AB}"
EndProject
Global
	GlobalSection(SolutionConfigurationPlatforms) = preSolution
		Debug|Any CPU = Debug|Any CPU
		Release|Any CPU = Release|Any CPU
	EndGlobalSection
	GlobalSection(ProjectConfigurationPlatforms) = postSolution
		{1E32713D-812E-4809-BA3C-D7B5AAC741FC}.Debug|Any CPU.ActiveCfg = Debug|Any CPU
		{1E32713D-812E-4809-BA3C-D7B5AAC741FC}.Debug|Any CPU.Build.0 = Debug|Any CPU
		{1E32713D-812E-4809-BA3C-D7B5AAC741FC}.Release|Any CPU.ActiveCfg = Release|Any CPU
		{1E32713D-812E-4809-BA3C-D7B5AAC741FC}.Release|Any CPU.Build.0 = Release|Any CPU
		{BE2BC657-9343-4E50-9074-8F414DBCDE22}.Debug|Any CPU.ActiveCfg = Debug|Any CPU
		{BE2BC657-9343-4E50-9074-8F414DBCDE22}.Debug|Any CPU.Build.0 = Debug|Any CPU
		{BE2BC657-9343-4E50-9074-8F414DBCDE22}.Release|Any CPU.ActiveCfg = Release|Any CPU
		{BE2BC657-9343-4E50-9074-8F414DBCDE22}.Release|Any CPU.Build.0 = Release|Any CPU
		{7EFE86BC-F1AE-4F84-8B92-DED8BD5B0AE9}.Debug|Any CPU.ActiveCfg = Debug|Any CPU
		{7EFE86BC-F1AE-4F84-8B92-DED8BD5B0AE9}.Debug|Any CPU.Build.0 = Debug|Any CPU
		{7EFE86BC-F1AE-4F84-8B92-DED8BD5B0AE9}.Release|Any CPU.ActiveCfg = Release|Any CPU
		{7EFE86BC-F1AE-4F84-8B92-DED8BD5B0AE9}.Release|Any CPU.Build.0 = Release|Any CPU
		{0F4AEE61-A0BF-4C69-8348-8D14354BE9AB}.Debug|Any CPU.ActiveCfg = Debug|Any CPU
		{0F4AEE61-A0BF-4C69-8348-8D14354BE9AB}.Debug|Any CPU.Build.0 = Debug|Any CPU
		{0F4AEE61-A0BF-4C69-8348-8D14354BE9AB}.Release|Any CPU.ActiveCfg = Release|Any CPU
		{0F4AEE61-A0BF-4C69-8348-8D14354BE9AB}.Release|Any CPU.Build.0 = Release|Any CPU
	EndGlobalSection
	GlobalSection(SolutionProperties) = preSolution
		HideSolutionNode = FALSE
	EndGlobalSection
	GlobalSection(NestedProjects) = preSolution
		{4EB77F7E-EFC1-498D-85F2-7BCF46CC1EF4} = {F7473ED1-EC4F-4E06-970F-94FF4D198B2E}
		{C6DC6575-09D6-4E18-93BA-7D981D996D79} = {4EB77F7E-EFC1-498D-85F2-7BCF46CC1EF4}
		{EA8F3955-1081-479D-B459-35DEFC486EA0} = {4EB77F7E-EFC1-498D-85F2-7BCF46CC1EF4}
		{530C2B15-5AF0-40C6-8F92-6DFC5EB1F10F} = {4EB77F7E-EFC1-498D-85F2-7BCF46CC1EF4}
		{25E7EF3F-FF2B-4179-8BDE-C925CA5CD34B} = {4EB77F7E-EFC1-498D-85F2-7BCF46CC1EF4}
		{1E32713D-812E-4809-BA3C-D7B5AAC741FC} = {C6DC6575-09D6-4E18-93BA-7D981D996D79}
		{BE2BC657-9343-4E50-9074-8F414DBCDE22} = {EA8F3955-1081-479D-B459-35DEFC486EA0}
		{7EFE86BC-F1AE-4F84-8B92-DED8BD5B0AE9} = {530C2B15-5AF0-40C6-8F92-6DFC5EB1F10F}
		{0F4AEE61-A0BF-4C69-8348-8D14354BE9AB} = {25E7EF3F-FF2B-4179-8BDE-C925CA5CD34B}
	EndGlobalSection
EndGlobal
